
Microsoft Visual Studio Solution File, Format Version 12.00
# Visual Studio Version 16
VisualStudioVersion = 25.0.1705.0
MinimumVisualStudioVersion = 10.0.40219.1
Project("{FAE04EC0-301F-11D3-BF4B-00C04F79EFBC}") = "Aula_API", "Aula_API\Aula_API.csproj", "{AD0D6FD5-85DC-4A9F-ADD7-67957247F39A}"
EndProject
Project("{FAE04EC0-301F-11D3-BF4B-00C04F79EFBC}") = "Aula_API_Tests", "Aula_API_Tests\Aula_API_Tests.csproj", "{D68E42DF-5CA1-4C7A-A719-87691C2491CF}"
EndProject
Global
	GlobalSection(SolutionConfigurationPlatforms) = preSolution
		Debug|Any CPU = Debug|Any CPU
		Release|Any CPU = Release|Any CPU
	EndGlobalSection
	GlobalSection(ProjectConfigurationPlatforms) = postSolution
		{AD0D6FD5-85DC-4A9F-ADD7-67957247F39A}.Debug|Any CPU.ActiveCfg = Debug|Any CPU
		{AD0D6FD5-85DC-4A9F-ADD7-67957247F39A}.Debug|Any CPU.Build.0 = Debug|Any CPU
		{AD0D6FD5-85DC-4A9F-ADD7-67957247F39A}.Release|Any CPU.ActiveCfg = Release|Any CPU
		{AD0D6FD5-85DC-4A9F-ADD7-67957247F39A}.Release|Any CPU.Build.0 = Release|Any CPU
		{D68E42DF-5CA1-4C7A-A719-87691C2491CF}.Debug|Any CPU.ActiveCfg = Debug|Any CPU
		{D68E42DF-5CA1-4C7A-A719-87691C2491CF}.Debug|Any CPU.Build.0 = Debug|Any CPU
		{D68E42DF-5CA1-4C7A-A719-87691C2491CF}.Release|Any CPU.ActiveCfg = Release|Any CPU
		{D68E42DF-5CA1-4C7A-A719-87691C2491CF}.Release|Any CPU.Build.0 = Release|Any CPU
	EndGlobalSection
	GlobalSection(SolutionProperties) = preSolution
		HideSolutionNode = FALSE
	EndGlobalSection
	GlobalSection(ExtensibilityGlobals) = postSolution
		SolutionGuid = {70C7C143-9A87-4ACB-9598-01D3377A0373}
	EndGlobalSection
EndGlobal
